
Microsoft Visual Studio Solution File, Format Version 12.00
# Visual Studio Version 17
VisualStudioVersion = 17.4.33213.308
MinimumVisualStudioVersion = 10.0.40219.1
Project("{2150E333-8FDC-42A3-9474-1A3956D46DE8}") = "Solution Items", "Solution Items", "{8EC462FD-D22E-90A8-E5CE-7E832BA40C5D}"
	ProjectSection(SolutionItems) = preProject
		README.md = README.md
		version.json = version.json
	EndProjectSection
EndProject
Project("{FAE04EC0-301F-11D3-BF4B-00C04F79EFBC}") = "hex2dfu", "hex2dfu\hex2dfu.csproj", "{5694C3C2-7FA9-0399-7911-D888F6EE149A}"
EndProject
Project("{FAE04EC0-301F-11D3-BF4B-00C04F79EFBC}") = "Hex2BinTest", "Hex2BinTest\Hex2BinTest.csproj", "{6EAAC042-BBD7-9BA2-2EF2-779B652260CE}"
EndProject
Global
	GlobalSection(SolutionConfigurationPlatforms) = preSolution
		Debug|Any CPU = Debug|Any CPU
		Debug|x64 = Debug|x64
		Release|Any CPU = Release|Any CPU
		Release|x64 = Release|x64
	EndGlobalSection
	GlobalSection(ProjectConfigurationPlatforms) = postSolution
		{5694C3C2-7FA9-0399-7911-D888F6EE149A}.Debug|Any CPU.ActiveCfg = Debug|Any CPU
		{5694C3C2-7FA9-0399-7911-D888F6EE149A}.Debug|Any CPU.Build.0 = Debug|Any CPU
		{5694C3C2-7FA9-0399-7911-D888F6EE149A}.Debug|x64.ActiveCfg = Debug|x64
		{5694C3C2-7FA9-0399-7911-D888F6EE149A}.Debug|x64.Build.0 = Debug|x64
		{5694C3C2-7FA9-0399-7911-D888F6EE149A}.Release|Any CPU.ActiveCfg = Release|Any CPU
		{5694C3C2-7FA9-0399-7911-D888F6EE149A}.Release|Any CPU.Build.0 = Release|Any CPU
		{5694C3C2-7FA9-0399-7911-D888F6EE149A}.Release|x64.ActiveCfg = Release|x64
		{5694C3C2-7FA9-0399-7911-D888F6EE149A}.Release|x64.Build.0 = Release|x64
		{6EAAC042-BBD7-9BA2-2EF2-779B652260CE}.Debug|Any CPU.ActiveCfg = Debug|Any CPU
		{6EAAC042-BBD7-9BA2-2EF2-779B652260CE}.Debug|Any CPU.Build.0 = Debug|Any CPU
		{6EAAC042-BBD7-9BA2-2EF2-779B652260CE}.Debug|x64.ActiveCfg = Debug|x64
		{6EAAC042-BBD7-9BA2-2EF2-779B652260CE}.Debug|x64.Build.0 = Debug|x64
		{6EAAC042-BBD7-9BA2-2EF2-779B652260CE}.Release|Any CPU.ActiveCfg = Release|Any CPU
		{6EAAC042-BBD7-9BA2-2EF2-779B652260CE}.Release|Any CPU.Build.0 = Release|Any CPU
		{6EAAC042-BBD7-9BA2-2EF2-779B652260CE}.Release|x64.ActiveCfg = Release|x64
		{6EAAC042-BBD7-9BA2-2EF2-779B652260CE}.Release|x64.Build.0 = Release|x64
	EndGlobalSection
	GlobalSection(SolutionProperties) = preSolution
		HideSolutionNode = FALSE
	EndGlobalSection
	GlobalSection(ExtensibilityGlobals) = postSolution
		SolutionGuid = {93B08604-31B4-445D-922E-AECFBCBF4636}
	EndGlobalSection
EndGlobal
